
Microsoft Visual Studio Solution File, Format Version 12.00
# Visual Studio Version 16
VisualStudioVersion = 16.0.30523.141
MinimumVisualStudioVersion = 10.0.40219.1
Project("{FAE04EC0-301F-11D3-BF4B-00C04F79EFBC}") = "Rope", "Rope\Rope.csproj", "{EE5FE920-B01D-4BE0-B4BB-3A18EBA0B047}"
EndProject
Global
	GlobalSection(SolutionConfigurationPlatforms) = preSolution
		Debug|Any CPU = Debug|Any CPU
		Release|Any CPU = Release|Any CPU
	EndGlobalSection
	GlobalSection(ProjectConfigurationPlatforms) = postSolution
		{EE5FE920-B01D-4BE0-B4BB-3A18EBA0B047}.Debug|Any CPU.ActiveCfg = Debug|Any CPU
		{EE5FE920-B01D-4BE0-B4BB-3A18EBA0B047}.Debug|Any CPU.Build.0 = Debug|Any CPU
		{EE5FE920-B01D-4BE0-B4BB-3A18EBA0B047}.Release|Any CPU.ActiveCfg = Release|Any CPU
		{EE5FE920-B01D-4BE0-B4BB-3A18EBA0B047}.Release|Any CPU.Build.0 = Release|Any CPU
	EndGlobalSection
	GlobalSection(SolutionProperties) = preSolution
		HideSolutionNode = FALSE
	EndGlobalSection
	GlobalSection(ExtensibilityGlobals) = postSolution
		SolutionGuid = {E6AB658E-CA34-4B34-ADF3-3CA58DEFEDE7}
	EndGlobalSection
EndGlobal
